
Microsoft Visual Studio Solution File, Format Version 12.00
# Visual Studio Version 16
VisualStudioVersion = 16.0.31112.23
MinimumVisualStudioVersion = 10.0.40219.1
Project("{9A19103F-16F7-4668-BE54-9A1E7A4F7556}") = "FluentBuilderPattern", "FluentBuilderPattern\FluentBuilderPattern.csproj", "{E4EBEE6E-80A8-401F-9D87-663823E80BA2}"
EndProject
Project("{9A19103F-16F7-4668-BE54-9A1E7A4F7556}") = "PageObjectModelPattern", "PageObjectModelPattern\PageObjectModelPattern.csproj", "{31CA569C-7C0D-4054-9B6C-78DFF50C2BA1}"
EndProject
Project("{9A19103F-16F7-4668-BE54-9A1E7A4F7556}") = "SingletonPattern", "SingletonPattern\SingletonPattern.csproj", "{48CA8F65-18CF-4456-9332-9E42329EDBEC}"
EndProject
Project("{9A19103F-16F7-4668-BE54-9A1E7A4F7556}") = "FactoryMethodPattern", "FactoryMethodPattern\FactoryMethodPattern.csproj", "{C96F77BE-67D5-4C60-8AC9-EC329D8FE1D4}"
EndProject
Project("{9A19103F-16F7-4668-BE54-9A1E7A4F7556}") = "ResultPattern", "ResultPattern\ResultPattern.csproj", "{3C7FA7D2-3C8D-4EC1-AE10-773528CF6FCB}"
EndProject
Project("{9A19103F-16F7-4668-BE54-9A1E7A4F7556}") = "PatternsBasic", "PatternsBasic\PatternsBasic.csproj", "{2B5C95BE-6B83-42E3-B87E-6A633762022B}"
EndProject
Project("{FAE04EC0-301F-11D3-BF4B-00C04F79EFBC}") = "Decorator", "Decorator\Decorator.csproj", "{DCA819F8-7481-40DB-A907-C17779539E98}"
EndProject
Project("{FAE04EC0-301F-11D3-BF4B-00C04F79EFBC}") = "ResponsibilityChain", "ResponsibilityChain\ResponsibilityChain.csproj", "{2A013D1F-B075-450A-BCF7-C55ACCDE1DD4}"
EndProject
Global
	GlobalSection(SolutionConfigurationPlatforms) = preSolution
		Debug|Any CPU = Debug|Any CPU
		Release|Any CPU = Release|Any CPU
	EndGlobalSection
	GlobalSection(ProjectConfigurationPlatforms) = postSolution
		{E4EBEE6E-80A8-401F-9D87-663823E80BA2}.Debug|Any CPU.ActiveCfg = Debug|Any CPU
		{E4EBEE6E-80A8-401F-9D87-663823E80BA2}.Debug|Any CPU.Build.0 = Debug|Any CPU
		{E4EBEE6E-80A8-401F-9D87-663823E80BA2}.Release|Any CPU.ActiveCfg = Release|Any CPU
		{E4EBEE6E-80A8-401F-9D87-663823E80BA2}.Release|Any CPU.Build.0 = Release|Any CPU
		{31CA569C-7C0D-4054-9B6C-78DFF50C2BA1}.Debug|Any CPU.ActiveCfg = Debug|Any CPU
		{31CA569C-7C0D-4054-9B6C-78DFF50C2BA1}.Debug|Any CPU.Build.0 = Debug|Any CPU
		{31CA569C-7C0D-4054-9B6C-78DFF50C2BA1}.Release|Any CPU.ActiveCfg = Release|Any CPU
		{31CA569C-7C0D-4054-9B6C-78DFF50C2BA1}.Release|Any CPU.Build.0 = Release|Any CPU
		{48CA8F65-18CF-4456-9332-9E42329EDBEC}.Debug|Any CPU.ActiveCfg = Debug|Any CPU
		{48CA8F65-18CF-4456-9332-9E42329EDBEC}.Debug|Any CPU.Build.0 = Debug|Any CPU
		{48CA8F65-18CF-4456-9332-9E42329EDBEC}.Release|Any CPU.ActiveCfg = Release|Any CPU
		{48CA8F65-18CF-4456-9332-9E42329EDBEC}.Release|Any CPU.Build.0 = Release|Any CPU
		{C96F77BE-67D5-4C60-8AC9-EC329D8FE1D4}.Debug|Any CPU.ActiveCfg = Debug|Any CPU
		{C96F77BE-67D5-4C60-8AC9-EC329D8FE1D4}.Debug|Any CPU.Build.0 = Debug|Any CPU
		{C96F77BE-67D5-4C60-8AC9-EC329D8FE1D4}.Release|Any CPU.ActiveCfg = Release|Any CPU
		{C96F77BE-67D5-4C60-8AC9-EC329D8FE1D4}.Release|Any CPU.Build.0 = Release|Any CPU
		{3C7FA7D2-3C8D-4EC1-AE10-773528CF6FCB}.Debug|Any CPU.ActiveCfg = Debug|Any CPU
		{3C7FA7D2-3C8D-4EC1-AE10-773528CF6FCB}.Debug|Any CPU.Build.0 = Debug|Any CPU
		{3C7FA7D2-3C8D-4EC1-AE10-773528CF6FCB}.Release|Any CPU.ActiveCfg = Release|Any CPU
		{3C7FA7D2-3C8D-4EC1-AE10-773528CF6FCB}.Release|Any CPU.Build.0 = Release|Any CPU
		{2B5C95BE-6B83-42E3-B87E-6A633762022B}.Debug|Any CPU.ActiveCfg = Debug|Any CPU
		{2B5C95BE-6B83-42E3-B87E-6A633762022B}.Debug|Any CPU.Build.0 = Debug|Any CPU
		{2B5C95BE-6B83-42E3-B87E-6A633762022B}.Release|Any CPU.ActiveCfg = Release|Any CPU
		{2B5C95BE-6B83-42E3-B87E-6A633762022B}.Release|Any CPU.Build.0 = Release|Any CPU
		{DCA819F8-7481-40DB-A907-C17779539E98}.Debug|Any CPU.ActiveCfg = Debug|Any CPU
		{DCA819F8-7481-40DB-A907-C17779539E98}.Debug|Any CPU.Build.0 = Debug|Any CPU
		{DCA819F8-7481-40DB-A907-C17779539E98}.Release|Any CPU.ActiveCfg = Release|Any CPU
		{DCA819F8-7481-40DB-A907-C17779539E98}.Release|Any CPU.Build.0 = Release|Any CPU
		{2A013D1F-B075-450A-BCF7-C55ACCDE1DD4}.Debug|Any CPU.ActiveCfg = Debug|Any CPU
		{2A013D1F-B075-450A-BCF7-C55ACCDE1DD4}.Debug|Any CPU.Build.0 = Debug|Any CPU
		{2A013D1F-B075-450A-BCF7-C55ACCDE1DD4}.Release|Any CPU.ActiveCfg = Release|Any CPU
		{2A013D1F-B075-450A-BCF7-C55ACCDE1DD4}.Release|Any CPU.Build.0 = Release|Any CPU
	EndGlobalSection
	GlobalSection(SolutionProperties) = preSolution
		HideSolutionNode = FALSE
	EndGlobalSection
	GlobalSection(ExtensibilityGlobals) = postSolution
		SolutionGuid = {7C9F596F-E1DA-4828-A81B-C9457DA99081}
	EndGlobalSection
EndGlobal
